
Microsoft Visual Studio Solution File, Format Version 12.00
# Visual Studio Version 17
VisualStudioVersion = 17.7.34024.191
MinimumVisualStudioVersion = 10.0.40219.1
Project("{54A90642-561A-4BB1-A94E-469ADEE60C69}") = "client", "client\client.esproj", "{9B82B2ED-B661-4F82-9FD4-573221BCF475}"
EndProject
Project("{9A19103F-16F7-4668-BE54-9A1E7A4F7556}") = "service", "service\service.csproj", "{FE126F80-0F54-40B3-81B3-7EF521F99E0F}"
EndProject
Project("{2150E333-8FDC-42A3-9474-1A3956D46DE8}") = "Solution Items", "Solution Items", "{93E688A1-A239-41B0-99B6-E9592AEA4109}"
	ProjectSection(SolutionItems) = preProject
		.editorconfig = .editorconfig
	EndProjectSection
EndProject
Global
	GlobalSection(SolutionConfigurationPlatforms) = preSolution
		Debug|Any CPU = Debug|Any CPU
		Release|Any CPU = Release|Any CPU
	EndGlobalSection
	GlobalSection(ProjectConfigurationPlatforms) = postSolution
		{9B82B2ED-B661-4F82-9FD4-573221BCF475}.Debug|Any CPU.ActiveCfg = Debug|Any CPU
		{9B82B2ED-B661-4F82-9FD4-573221BCF475}.Debug|Any CPU.Build.0 = Debug|Any CPU
		{9B82B2ED-B661-4F82-9FD4-573221BCF475}.Debug|Any CPU.Deploy.0 = Debug|Any CPU
		{9B82B2ED-B661-4F82-9FD4-573221BCF475}.Release|Any CPU.ActiveCfg = Release|Any CPU
		{9B82B2ED-B661-4F82-9FD4-573221BCF475}.Release|Any CPU.Build.0 = Release|Any CPU
		{9B82B2ED-B661-4F82-9FD4-573221BCF475}.Release|Any CPU.Deploy.0 = Release|Any CPU
		{FE126F80-0F54-40B3-81B3-7EF521F99E0F}.Debug|Any CPU.ActiveCfg = Debug|Any CPU
		{FE126F80-0F54-40B3-81B3-7EF521F99E0F}.Debug|Any CPU.Build.0 = Debug|Any CPU
		{FE126F80-0F54-40B3-81B3-7EF521F99E0F}.Release|Any CPU.ActiveCfg = Release|Any CPU
		{FE126F80-0F54-40B3-81B3-7EF521F99E0F}.Release|Any CPU.Build.0 = Release|Any CPU
	EndGlobalSection
	GlobalSection(SolutionProperties) = preSolution
		HideSolutionNode = FALSE
	EndGlobalSection
	GlobalSection(ExtensibilityGlobals) = postSolution
		SolutionGuid = {DE618481-3A1B-4B40-970C-6BFE79624A41}
	EndGlobalSection
EndGlobal
